
Microsoft Visual Studio Solution File, Format Version 12.00
# Visual Studio Version 17
VisualStudioVersion = 17.4.33205.214
MinimumVisualStudioVersion = 10.0.40219.1
Project("{FAE04EC0-301F-11D3-BF4B-00C04F79EFBC}") = "wanderer", "wanderer\wanderer.csproj", "{8E275E0E-547E-4448-855A-0F746BE36818}"
EndProject
Global
	GlobalSection(SolutionConfigurationPlatforms) = preSolution
		Debug|Any CPU = Debug|Any CPU
		Debug|x64 = Debug|x64
		Release|Any CPU = Release|Any CPU
		Release|x64 = Release|x64
	EndGlobalSection
	GlobalSection(ProjectConfigurationPlatforms) = postSolution
		{8E275E0E-547E-4448-855A-0F746BE36818}.Debug|Any CPU.ActiveCfg = Release|Any CPU
		{8E275E0E-547E-4448-855A-0F746BE36818}.Debug|Any CPU.Build.0 = Release|Any CPU
		{8E275E0E-547E-4448-855A-0F746BE36818}.Debug|x64.ActiveCfg = Release|x64
		{8E275E0E-547E-4448-855A-0F746BE36818}.Debug|x64.Build.0 = Release|x64
		{8E275E0E-547E-4448-855A-0F746BE36818}.Release|Any CPU.ActiveCfg = Release|Any CPU
		{8E275E0E-547E-4448-855A-0F746BE36818}.Release|Any CPU.Build.0 = Release|Any CPU
		{8E275E0E-547E-4448-855A-0F746BE36818}.Release|x64.ActiveCfg = Release|x64
		{8E275E0E-547E-4448-855A-0F746BE36818}.Release|x64.Build.0 = Release|x64
	EndGlobalSection
	GlobalSection(SolutionProperties) = preSolution
		HideSolutionNode = FALSE
	EndGlobalSection
	GlobalSection(ExtensibilityGlobals) = postSolution
		SolutionGuid = {0BB55DC5-A04F-4647-B9EC-1ADA0D99C3AE}
	EndGlobalSection
EndGlobal
